
Microsoft Visual Studio Solution File, Format Version 12.00
# Visual Studio Version 17
VisualStudioVersion = 17.14.36616.10 d17.14
MinimumVisualStudioVersion = 10.0.40219.1
Project("{FAE04EC0-301F-11D3-BF4B-00C04F79EFBC}") = "Library", "Library.csproj", "{65D5AC32-993F-486C-9993-99934A7E9B72}"
EndProject
Global
	GlobalSection(SolutionConfigurationPlatforms) = preSolution
		Debug|Any CPU = Debug|Any CPU
		Release|Any CPU = Release|Any CPU
	EndGlobalSection
	GlobalSection(ProjectConfigurationPlatforms) = postSolution
		{65D5AC32-993F-486C-9993-99934A7E9B72}.Debug|Any CPU.ActiveCfg = Debug|Any CPU
		{65D5AC32-993F-486C-9993-99934A7E9B72}.Debug|Any CPU.Build.0 = Debug|Any CPU
		{65D5AC32-993F-486C-9993-99934A7E9B72}.Release|Any CPU.ActiveCfg = Release|Any CPU
		{65D5AC32-993F-486C-9993-99934A7E9B72}.Release|Any CPU.Build.0 = Release|Any CPU
	EndGlobalSection
	GlobalSection(SolutionProperties) = preSolution
		HideSolutionNode = FALSE
	EndGlobalSection
	GlobalSection(ExtensibilityGlobals) = postSolution
		SolutionGuid = {55785ADE-45EE-40FA-B69F-6D50DBD1C5A3}
	EndGlobalSection
EndGlobal
